// !$*UTF8*$!
{
	archiveVersion = 1;
	classes = {
	};
	objectVersion = 55;
	objects = {

/* Begin PBXBuildFile section */
		84A4805128F42A820036EFF0 /* AppDelegate.swift in Sources */ = {isa = PBXBuildFile; fileRef = 84A4805028F42A820036EFF0 /* AppDelegate.swift */; };
		84A4805328F42A820036EFF0 /* SceneDelegate.swift in Sources */ = {isa = PBXBuildFile; fileRef = 84A4805228F42A820036EFF0 /* SceneDelegate.swift */; };
		84A4805528F42A820036EFF0 /* ViewController.swift in Sources */ = {isa = PBXBuildFile; fileRef = 84A4805428F42A820036EFF0 /* ViewController.swift */; };
		84A4805828F42A820036EFF0 /* Main.storyboard in Resources */ = {isa = PBXBuildFile; fileRef = 84A4805628F42A820036EFF0 /* Main.storyboard */; };
		84A4805A28F42A830036EFF0 /* Assets.xcassets in Resources */ = {isa = PBXBuildFile; fileRef = 84A4805928F42A830036EFF0 /* Assets.xcassets */; };
		84A4805D28F42A830036EFF0 /* LaunchScreen.storyboard in Resources */ = {isa = PBXBuildFile; fileRef = 84A4805B28F42A830036EFF0 /* LaunchScreen.storyboard */; };
		84A4806728F4323D0036EFF0 /* AppConstant.swift in Sources */ = {isa = PBXBuildFile; fileRef = 84A4806628F4323D0036EFF0 /* AppConstant.swift */; };
		84A4807128F4357D0036EFF0 /* Transmitter.swift in Sources */ = {isa = PBXBuildFile; fileRef = 84A4807028F4357D0036EFF0 /* Transmitter.swift */; };
		84A4807228F438FD0036EFF0 /* CoreBluetooth.framework in Frameworks */ = {isa = PBXBuildFile; fileRef = 84A4806928F4336F0036EFF0 /* CoreBluetooth.framework */; };
		84A4807528F438FF0036EFF0 /* CoreGraphics.framework in Frameworks */ = {isa = PBXBuildFile; fileRef = 84A4806D28F433840036EFF0 /* CoreGraphics.framework */; };
		84A4807928F439250036EFF0 /* CoreLocation.framework in Frameworks */ = {isa = PBXBuildFile; fileRef = 84A4806B28F4337B0036EFF0 /* CoreLocation.framework */; };
/* End PBXBuildFile section */

/* Begin PBXFileReference section */
		84A4804D28F42A820036EFF0 /* iBeaconDemo.app */ = {isa = PBXFileReference; explicitFileType = wrapper.application; includeInIndex = 0; path = iBeaconDemo.app; sourceTree = BUILT_PRODUCTS_DIR; };
		84A4805028F42A820036EFF0 /* AppDelegate.swift */ = {isa = PBXFileReference; lastKnownFileType = sourcecode.swift; path = AppDelegate.swift; sourceTree = "<group>"; };
		84A4805228F42A820036EFF0 /* SceneDelegate.swift */ = {isa = PBXFileReference; lastKnownFileType = sourcecode.swift; path = SceneDelegate.swift; sourceTree = "<group>"; };
		84A4805428F42A820036EFF0 /* ViewController.swift */ = {isa = PBXFileReference; lastKnownFileType = sourcecode.swift; path = ViewController.swift; sourceTree = "<group>"; };
		84A4805728F42A820036EFF0 /* Base */ = {isa = PBXFileReference; lastKnownFileType = file.storyboard; name = Base; path = Base.lproj/Main.storyboard; sourceTree = "<group>"; };
		84A4805928F42A830036EFF0 /* Assets.xcassets */ = {isa = PBXFileReference; lastKnownFileType = folder.assetcatalog; path = Assets.xcassets; sourceTree = "<group>"; };
		84A4805C28F42A830036EFF0 /* Base */ = {isa = PBXFileReference; lastKnownFileType = file.storyboard; name = Base; path = Base.lproj/LaunchScreen.storyboard; sourceTree = "<group>"; };
		84A4805E28F42A830036EFF0 /* Info.plist */ = {isa = PBXFileReference; lastKnownFileType = text.plist.xml; path = Info.plist; sourceTree = "<group>"; };
		84A4806628F4323D0036EFF0 /* AppConstant.swift */ = {isa = PBXFileReference; lastKnownFileType = sourcecode.swift; path = AppConstant.swift; sourceTree = "<group>"; };
		84A4806928F4336F0036EFF0 /* CoreBluetooth.framework */ = {isa = PBXFileReference; lastKnownFileType = wrapper.framework; name = CoreBluetooth.framework; path = System/Library/Frameworks/CoreBluetooth.framework; sourceTree = SDKROOT; };
		84A4806B28F4337B0036EFF0 /* CoreLocation.framework */ = {isa = PBXFileReference; lastKnownFileType = wrapper.framework; name = CoreLocation.framework; path = System/Library/Frameworks/CoreLocation.framework; sourceTree = SDKROOT; };
		84A4806D28F433840036EFF0 /* CoreGraphics.framework */ = {isa = PBXFileReference; lastKnownFileType = wrapper.framework; name = CoreGraphics.framework; path = System/Library/Frameworks/CoreGraphics.framework; sourceTree = SDKROOT; };
		84A4807028F4357D0036EFF0 /* Transmitter.swift */ = {isa = PBXFileReference; lastKnownFileType = sourcecode.swift; path = Transmitter.swift; sourceTree = "<group>"; };
/* End PBXFileReference section */

/* Begin PBXFrameworksBuildPhase section */
		84A4804A28F42A820036EFF0 /* Frameworks */ = {
			isa = PBXFrameworksBuildPhase;
			buildActionMask = 2147483647;
			files = (
				84A4807928F439250036EFF0 /* CoreLocation.framework in Frameworks */,
				84A4807528F438FF0036EFF0 /* CoreGraphics.framework in Frameworks */,
				84A4807228F438FD0036EFF0 /* CoreBluetooth.framework in Frameworks */,
			);
			runOnlyForDeploymentPostprocessing = 0;
		};
/* End PBXFrameworksBuildPhase section */

/* Begin PBXGroup section */
		84A4804428F42A820036EFF0 = {
			isa = PBXGroup;
			children = (
				84A4804F28F42A820036EFF0 /* iBeaconDemo */,
				84A4804E28F42A820036EFF0 /* Products */,
				84A4806828F4336E0036EFF0 /* Frameworks */,
			);
			sourceTree = "<group>";
		};
		84A4804E28F42A820036EFF0 /* Products */ = {
			isa = PBXGroup;
			children = (
				84A4804D28F42A820036EFF0 /* iBeaconDemo.app */,
			);
			name = Products;
			sourceTree = "<group>";
		};
		84A4804F28F42A820036EFF0 /* iBeaconDemo */ = {
			isa = PBXGroup;
			children = (
				84A4806428F432150036EFF0 /* src */,
				84A4805028F42A820036EFF0 /* AppDelegate.swift */,
				84A4805228F42A820036EFF0 /* SceneDelegate.swift */,
				84A4805428F42A820036EFF0 /* ViewController.swift */,
				84A4805628F42A820036EFF0 /* Main.storyboard */,
				84A4805928F42A830036EFF0 /* Assets.xcassets */,
				84A4805B28F42A830036EFF0 /* LaunchScreen.storyboard */,
				84A4805E28F42A830036EFF0 /* Info.plist */,
			);
			path = iBeaconDemo;
			sourceTree = "<group>";
		};
		84A4806428F432150036EFF0 /* src */ = {
			isa = PBXGroup;
			children = (
				84A4806F28F435630036EFF0 /* transmit */,
				84A4806528F432230036EFF0 /* constant */,
			);
			path = src;
			sourceTree = "<group>";
		};
		84A4806528F432230036EFF0 /* constant */ = {
			isa = PBXGroup;
			children = (
				84A4806628F4323D0036EFF0 /* AppConstant.swift */,
			);
			path = constant;
			sourceTree = "<group>";
		};
		84A4806828F4336E0036EFF0 /* Frameworks */ = {
			isa = PBXGroup;
			children = (
				84A4806D28F433840036EFF0 /* CoreGraphics.framework */,
				84A4806B28F4337B0036EFF0 /* CoreLocation.framework */,
				84A4806928F4336F0036EFF0 /* CoreBluetooth.framework */,
			);
			name = Frameworks;
			sourceTree = "<group>";
		};
		84A4806F28F435630036EFF0 /* transmit */ = {
			isa = PBXGroup;
			children = (
				84A4807028F4357D0036EFF0 /* Transmitter.swift */,
			);
			path = transmit;
			sourceTree = "<group>";
		};
/* End PBXGroup section */

/* Begin PBXNativeTarget section */
		84A4804C28F42A820036EFF0 /* iBeaconDemo */ = {
			isa = PBXNativeTarget;
			buildConfigurationList = 84A4806128F42A830036EFF0 /* Build configuration list for PBXNativeTarget "iBeaconDemo" */;
			buildPhases = (
				84A4804928F42A820036EFF0 /* Sources */,
				84A4804A28F42A820036EFF0 /* Frameworks */,
				84A4804B28F42A820036EFF0 /* Resources */,
			);
			buildRules = (
			);
			dependencies = (
			);
			name = iBeaconDemo;
			productName = iBeaconDemo;
			productReference = 84A4804D28F42A820036EFF0 /* iBeaconDemo.app */;
			productType = "com.apple.product-type.application";
		};
/* End PBXNativeTarget section */

/* Begin PBXProject section */
		84A4804528F42A820036EFF0 /* Project object */ = {
			isa = PBXProject;
			attributes = {
				BuildIndependentTargetsInParallel = 1;
				LastSwiftUpdateCheck = 1330;
				LastUpgradeCheck = 1330;
				TargetAttributes = {
					84A4804C28F42A820036EFF0 = {
						CreatedOnToolsVersion = 13.3;
					};
				};
			};
			buildConfigurationList = 84A4804828F42A820036EFF0 /* Build configuration list for PBXProject "iBeaconDemo" */;
			compatibilityVersion = "Xcode 13.0";
			developmentRegion = en;
			hasScannedForEncodings = 0;
			knownRegions = (
				en,
				Base,
			);
			mainGroup = 84A4804428F42A820036EFF0;
			productRefGroup = 84A4804E28F42A820036EFF0 /* Products */;
			projectDirPath = "";
			projectRoot = "";
			targets = (
				84A4804C28F42A820036EFF0 /* iBeaconDemo */,
			);
		};
/* End PBXProject section */

/* Begin PBXResourcesBuildPhase section */
		84A4804B28F42A820036EFF0 /* Resources */ = {
			isa = PBXResourcesBuildPhase;
			buildActionMask = 2147483647;
			files = (
				84A4805D28F42A830036EFF0 /* LaunchScreen.storyboard in Resources */,
				84A4805A28F42A830036EFF0 /* Assets.xcassets in Resources */,
				84A4805828F42A820036EFF0 /* Main.storyboard in Resources */,
			);
			runOnlyForDeploymentPostprocessing = 0;
		};
/* End PBXResourcesBuildPhase section */

/* Begin PBXSourcesBuildPhase section */
		84A4804928F42A820036EFF0 /* Sources */ = {
			isa = PBXSourcesBuildPhase;
			buildActionMask = 2147483647;
			files = (
				84A4805528F42A820036EFF0 /* ViewController.swift in Sources */,
				84A4807128F4357D0036EFF0 /* Transmitter.swift in Sources */,
				84A4805128F42A820036EFF0 /* AppDelegate.swift in Sources */,
				84A4805328F42A820036EFF0 /* SceneDelegate.swift in Sources */,
				84A4806728F4323D0036EFF0 /* AppConstant.swift in Sources */,
			);
			runOnlyForDeploymentPostprocessing = 0;
		};
/* End PBXSourcesBuildPhase section */

/* Begin PBXVariantGroup section */
		84A4805628F42A820036EFF0 /* Main.storyboard */ = {
			isa = PBXVariantGroup;
			children = (
				84A4805728F42A820036EFF0 /* Base */,
			);
			name = Main.storyboard;
			sourceTree = "<group>";
		};
		84A4805B28F42A830036EFF0 /* LaunchScreen.storyboard */ = {
			isa = PBXVariantGroup;
			children = (
				84A4805C28F42A830036EFF0 /* Base */,
			);
			name = LaunchScreen.storyboard;
			sourceTree = "<group>";
		};
/* End PBXVariantGroup section */

/* Begin XCBuildConfiguration section */
		84A4805F28F42A830036EFF0 /* Debug */ = {
			isa = XCBuildConfiguration;
			buildSettings = {
				ALWAYS_SEARCH_USER_PATHS = NO;
				CLANG_ANALYZER_NONNULL = YES;
				CLANG_ANALYZER_NUMBER_OBJECT_CONVERSION = YES_AGGRESSIVE;
				CLANG_CXX_LANGUAGE_STANDARD = "gnu++17";
				CLANG_ENABLE_MODULES = YES;
				CLANG_ENABLE_OBJC_ARC = YES;
				CLANG_ENABLE_OBJC_WEAK = YES;
				CLANG_WARN_BLOCK_CAPTURE_AUTORELEASING = YES;
				CLANG_WARN_BOOL_CONVERSION = YES;
				CLANG_WARN_COMMA = YES;
				CLANG_WARN_CONSTANT_CONVERSION = YES;
				CLANG_WARN_DEPRECATED_OBJC_IMPLEMENTATIONS = YES;
				CLANG_WARN_DIRECT_OBJC_ISA_USAGE = YES_ERROR;
				CLANG_WARN_DOCUMENTATION_COMMENTS = YES;
				CLANG_WARN_EMPTY_BODY = YES;
				CLANG_WARN_ENUM_CONVERSION = YES;
				CLANG_WARN_INFINITE_RECURSION = YES;
				CLANG_WARN_INT_CONVERSION = YES;
				CLANG_WARN_NON_LITERAL_NULL_CONVERSION = YES;
				CLANG_WARN_OBJC_IMPLICIT_RETAIN_SELF = YES;
				CLANG_WARN_OBJC_LITERAL_CONVERSION = YES;
				CLANG_WARN_OBJC_ROOT_CLASS = YES_ERROR;
				CLANG_WARN_QUOTED_INCLUDE_IN_FRAMEWORK_HEADER = YES;
				CLANG_WARN_RANGE_LOOP_ANALYSIS = YES;
				CLANG_WARN_STRICT_PROTOTYPES = YES;
				CLANG_WARN_SUSPICIOUS_MOVE = YES;
				CLANG_WARN_UNGUARDED_AVAILABILITY = YES_AGGRESSIVE;
				CLANG_WARN_UNREACHABLE_CODE = YES;
				CLANG_WARN__DUPLICATE_METHOD_MATCH = YES;
				COPY_PHASE_STRIP = NO;
				DEBUG_INFORMATION_FORMAT = dwarf;
				ENABLE_STRICT_OBJC_MSGSEND = YES;
				ENABLE_TESTABILITY = YES;
				GCC_C_LANGUAGE_STANDARD = gnu11;
				GCC_DYNAMIC_NO_PIC = NO;
				GCC_NO_COMMON_BLOCKS = YES;
				GCC_OPTIMIZATION_LEVEL = 0;
				GCC_PREPROCESSOR_DEFINITIONS = (
					"DEBUG=1",
					"$(inherited)",
				);
				GCC_WARN_64_TO_32_BIT_CONVERSION = YES;
				GCC_WARN_ABOUT_RETURN_TYPE = YES_ERROR;
				GCC_WARN_UNDECLARED_SELECTOR = YES;
				GCC_WARN_UNINITIALIZED_AUTOS = YES_AGGRESSIVE;
				GCC_WARN_UNUSED_FUNCTION = YES;
				GCC_WARN_UNUSED_VARIABLE = YES;
				IPHONEOS_DEPLOYMENT_TARGET = 13.0;
				MTL_ENABLE_DEBUG_INFO = INCLUDE_SOURCE;
				MTL_FAST_MATH = YES;
				ONLY_ACTIVE_ARCH = YES;
				SDKROOT = iphoneos;
				SWIFT_ACTIVE_COMPILATION_CONDITIONS = DEBUG;
				SWIFT_OPTIMIZATION_LEVEL = "-Onone";
			};
			name = Debug;
		};
		84A4806028F42A830036EFF0 /* Release */ = {
			isa = XCBuildConfiguration;
			buildSettings = {
				ALWAYS_SEARCH_USER_PATHS = NO;
				CLANG_ANALYZER_NONNULL = YES;
				CLANG_ANALYZER_NUMBER_OBJECT_CONVERSION = YES_AGGRESSIVE;
				CLANG_CXX_LANGUAGE_STANDARD = "gnu++17";
				CLANG_ENABLE_MODULES = YES;
				CLANG_ENABLE_OBJC_ARC = YES;
				CLANG_ENABLE_OBJC_WEAK = YES;
				CLANG_WARN_BLOCK_CAPTURE_AUTORELEASING = YES;
				CLANG_WARN_BOOL_CONVERSION = YES;
				CLANG_WARN_COMMA = YES;
				CLANG_WARN_CONSTANT_CONVERSION = YES;
				CLANG_WARN_DEPRECATED_OBJC_IMPLEMENTATIONS = YES;
				CLANG_WARN_DIRECT_OBJC_ISA_USAGE = YES_ERROR;
				CLANG_WARN_DOCUMENTATION_COMMENTS = YES;
				CLANG_WARN_EMPTY_BODY = YES;
				CLANG_WARN_ENUM_CONVERSION = YES;
				CLANG_WARN_INFINITE_RECURSION = YES;
				CLANG_WARN_INT_CONVERSION = YES;
				CLANG_WARN_NON_LITERAL_NULL_CONVERSION = YES;
				CLANG_WARN_OBJC_IMPLICIT_RETAIN_SELF = YES;
				CLANG_WARN_OBJC_LITERAL_CONVERSION = YES;
				CLANG_WARN_OBJC_ROOT_CLASS = YES_ERROR;
				CLANG_WARN_QUOTED_INCLUDE_IN_FRAMEWORK_HEADER = YES;
				CLANG_WARN_RANGE_LOOP_ANALYSIS = YES;
				CLANG_WARN_STRICT_PROTOTYPES = YES;
				CLANG_WARN_SUSPICIOUS_MOVE = YES;
				CLANG_WARN_UNGUARDED_AVAILABILITY = YES_AGGRESSIVE;
				CLANG_WARN_UNREACHABLE_CODE = YES;
				CLANG_WARN__DUPLICATE_METHOD_MATCH = YES;
				COPY_PHASE_STRIP = NO;
				DEBUG_INFORMATION_FORMAT = "dwarf-with-dsym";
				ENABLE_NS_ASSERTIONS = NO;
				ENABLE_STRICT_OBJC_MSGSEND = YES;
				GCC_C_LANGUAGE_STANDARD = gnu11;
				GCC_NO_COMMON_BLOCKS = YES;
				GCC_WARN_64_TO_32_BIT_CONVERSION = YES;
				GCC_WARN_ABOUT_RETURN_TYPE = YES_ERROR;
				GCC_WARN_UNDECLARED_SELECTOR = YES;
				GCC_WARN_UNINITIALIZED_AUTOS = YES_AGGRESSIVE;
				GCC_WARN_UNUSED_FUNCTION = YES;
				GCC_WARN_UNUSED_VARIABLE = YES;
				IPHONEOS_DEPLOYMENT_TARGET = 13.0;
				MTL_ENABLE_DEBUG_INFO = NO;
				MTL_FAST_MATH = YES;
				SDKROOT = iphoneos;
				SWIFT_COMPILATION_MODE = wholemodule;
				SWIFT_OPTIMIZATION_LEVEL = "-O";
				VALIDATE_PRODUCT = YES;
			};
			name = Release;
		};
		84A4806228F42A830036EFF0 /* Debug */ = {
			isa = XCBuildConfiguration;
			buildSettings = {
				ASSETCATALOG_COMPILER_APPICON_NAME = AppIcon;
				ASSETCATALOG_COMPILER_GLOBAL_ACCENT_COLOR_NAME = AccentColor;
				CODE_SIGN_STYLE = Automatic;
				CURRENT_PROJECT_VERSION = 1;
				DEVELOPMENT_TEAM = CPK3284L9Q;
				GENERATE_INFOPLIST_FILE = YES;
				INFOPLIST_FILE = iBeaconDemo/Info.plist;
				INFOPLIST_KEY_UIApplicationSupportsIndirectInputEvents = YES;
				INFOPLIST_KEY_UILaunchStoryboardName = LaunchScreen;
				INFOPLIST_KEY_UIMainStoryboardFile = Main;
				INFOPLIST_KEY_UISupportedInterfaceOrientations_iPad = "UIInterfaceOrientationPortrait UIInterfaceOrientationPortraitUpsideDown UIInterfaceOrientationLandscapeLeft UIInterfaceOrientationLandscapeRight";
				INFOPLIST_KEY_UISupportedInterfaceOrientations_iPhone = "UIInterfaceOrientationPortrait UIInterfaceOrientationLandscapeLeft UIInterfaceOrientationLandscapeRight";
				LD_RUNPATH_SEARCH_PATHS = (
					"$(inherited)",
					"@executable_path/Frameworks",
				);
				MARKETING_VERSION = 1.0;
				PRODUCT_BUNDLE_IDENTIFIER = com.ultivic.iBeaconDemo;
				PRODUCT_NAME = "$(TARGET_NAME)";
				SWIFT_EMIT_LOC_STRINGS = YES;
				SWIFT_VERSION = 5.0;
				TARGETED_DEVICE_FAMILY = "1,2";
			};
			name = Debug;
		};
		84A4806328F42A830036EFF0 /* Release */ = {
			isa = XCBuildConfiguration;
			buildSettings = {
				ASSETCATALOG_COMPILER_APPICON_NAME = AppIcon;
				ASSETCATALOG_COMPILER_GLOBAL_ACCENT_COLOR_NAME = AccentColor;
				CODE_SIGN_STYLE = Automatic;
				CURRENT_PROJECT_VERSION = 1;
				DEVELOPMENT_TEAM = CPK3284L9Q;
				GENERATE_INFOPLIST_FILE = YES;
				INFOPLIST_FILE = iBeaconDemo/Info.plist;
				INFOPLIST_KEY_UIApplicationSupportsIndirectInputEvents = YES;
				INFOPLIST_KEY_UILaunchStoryboardName = LaunchScreen;
				INFOPLIST_KEY_UIMainStoryboardFile = Main;
				INFOPLIST_KEY_UISupportedInterfaceOrientations_iPad = "UIInterfaceOrientationPortrait UIInterfaceOrientationPortraitUpsideDown UIInterfaceOrientationLandscapeLeft UIInterfaceOrientationLandscapeRight";
				INFOPLIST_KEY_UISupportedInterfaceOrientations_iPhone = "UIInterfaceOrientationPortrait UIInterfaceOrientationLandscapeLeft UIInterfaceOrientationLandscapeRight";
				LD_RUNPATH_SEARCH_PATHS = (
					"$(inherited)",
					"@executable_path/Frameworks",
				);
				MARKETING_VERSION = 1.0;
				PRODUCT_BUNDLE_IDENTIFIER = com.ultivic.iBeaconDemo;
				PRODUCT_NAME = "$(TARGET_NAME)";
				SWIFT_EMIT_LOC_STRINGS = YES;
				SWIFT_VERSION = 5.0;
				TARGETED_DEVICE_FAMILY = "1,2";
			};
			name = Release;
		};
/* End XCBuildConfiguration section */

/* Begin XCConfigurationList section */
		84A4804828F42A820036EFF0 /* Build configuration list for PBXProject "iBeaconDemo" */ = {
			isa = XCConfigurationList;
			buildConfigurations = (
				84A4805F28F42A830036EFF0 /* Debug */,
				84A4806028F42A830036EFF0 /* Release */,
			);
			defaultConfigurationIsVisible = 0;
			defaultConfigurationName = Release;
		};
		84A4806128F42A830036EFF0 /* Build configuration list for PBXNativeTarget "iBeaconDemo" */ = {
			isa = XCConfigurationList;
			buildConfigurations = (
				84A4806228F42A830036EFF0 /* Debug */,
				84A4806328F42A830036EFF0 /* Release */,
			);
			defaultConfigurationIsVisible = 0;
			defaultConfigurationName = Release;
		};
/* End XCConfigurationList section */
	};
	rootObject = 84A4804528F42A820036EFF0 /* Project object */;
}
